
Microsoft Visual Studio Solution File, Format Version 12.00
# Visual Studio 2013
VisualStudioVersion = 12.0.31101.0
MinimumVisualStudioVersion = 10.0.40219.1
Project("{FAE04EC0-301F-11D3-BF4B-00C04F79EFBC}") = "Shopping_Cart_Personal", "Shopping_Cart_Personal\Shopping_Cart_Personal.csproj", "{42E9438F-EDCA-459C-999C-2A09B3EE7907}"
EndProject
Project("{FAE04EC0-301F-11D3-BF4B-00C04F79EFBC}") = "Shopping_Cart_Personal.Tests", "Shopping_Cart_Personal.Tests\Shopping_Cart_Personal.Tests.csproj", "{E49B7927-52B3-4DA9-B963-4366CD7A7FB7}"
EndProject
Global
	GlobalSection(SolutionConfigurationPlatforms) = preSolution
		Debug|Any CPU = Debug|Any CPU
		Release|Any CPU = Release|Any CPU
	EndGlobalSection
	GlobalSection(ProjectConfigurationPlatforms) = postSolution
		{42E9438F-EDCA-459C-999C-2A09B3EE7907}.Debug|Any CPU.ActiveCfg = Debug|Any CPU
		{42E9438F-EDCA-459C-999C-2A09B3EE7907}.Debug|Any CPU.Build.0 = Debug|Any CPU
		{42E9438F-EDCA-459C-999C-2A09B3EE7907}.Release|Any CPU.ActiveCfg = Release|Any CPU
		{42E9438F-EDCA-459C-999C-2A09B3EE7907}.Release|Any CPU.Build.0 = Release|Any CPU
		{E49B7927-52B3-4DA9-B963-4366CD7A7FB7}.Debug|Any CPU.ActiveCfg = Debug|Any CPU
		{E49B7927-52B3-4DA9-B963-4366CD7A7FB7}.Debug|Any CPU.Build.0 = Debug|Any CPU
		{E49B7927-52B3-4DA9-B963-4366CD7A7FB7}.Release|Any CPU.ActiveCfg = Release|Any CPU
		{E49B7927-52B3-4DA9-B963-4366CD7A7FB7}.Release|Any CPU.Build.0 = Release|Any CPU
	EndGlobalSection
	GlobalSection(SolutionProperties) = preSolution
		HideSolutionNode = FALSE
	EndGlobalSection
EndGlobal
